
Microsoft Visual Studio Solution File, Format Version 12.00
# Visual Studio Version 16
VisualStudioVersion = 16.0.30114.105
MinimumVisualStudioVersion = 10.0.40219.1
Project("{FAE04EC0-301F-11D3-BF4B-00C04F79EFBC}") = "DotNetCoreCommandLineSnippets.API", "DotNetCoreCommandLineSnippets.API\DotNetCoreCommandLineSnippets.API.csproj", "{587C7145-F400-4C56-9339-E8BA73632E03}"
EndProject
Project("{FAE04EC0-301F-11D3-BF4B-00C04F79EFBC}") = "DotNetCoreCommandLineSnippets.Tests", "DotNetCoreCommandLineSnippets.Tests\DotNetCoreCommandLineSnippets.Tests.csproj", "{CD6D2422-107A-4FCE-A86F-DB9DBEDD3059}"
EndProject
Global
	GlobalSection(SolutionConfigurationPlatforms) = preSolution
		Debug|Any CPU = Debug|Any CPU
		Release|Any CPU = Release|Any CPU
	EndGlobalSection
	GlobalSection(SolutionProperties) = preSolution
		HideSolutionNode = FALSE
	EndGlobalSection
	GlobalSection(ProjectConfigurationPlatforms) = postSolution
		{587C7145-F400-4C56-9339-E8BA73632E03}.Debug|Any CPU.ActiveCfg = Debug|Any CPU
		{587C7145-F400-4C56-9339-E8BA73632E03}.Debug|Any CPU.Build.0 = Debug|Any CPU
		{587C7145-F400-4C56-9339-E8BA73632E03}.Release|Any CPU.ActiveCfg = Release|Any CPU
		{587C7145-F400-4C56-9339-E8BA73632E03}.Release|Any CPU.Build.0 = Release|Any CPU
		{CD6D2422-107A-4FCE-A86F-DB9DBEDD3059}.Debug|Any CPU.ActiveCfg = Debug|Any CPU
		{CD6D2422-107A-4FCE-A86F-DB9DBEDD3059}.Debug|Any CPU.Build.0 = Debug|Any CPU
		{CD6D2422-107A-4FCE-A86F-DB9DBEDD3059}.Release|Any CPU.ActiveCfg = Release|Any CPU
		{CD6D2422-107A-4FCE-A86F-DB9DBEDD3059}.Release|Any CPU.Build.0 = Release|Any CPU
	EndGlobalSection
EndGlobal
